// !$*UTF8*$!
{
	archiveVersion = 1;
	classes = {
	};
	objectVersion = 46;
	objects = {

/* Begin PBXBuildFile section */
		6331A5E811DF208C00C9E384 /* ASIAuthenticationDialog.m in Sources */ = {isa = PBXBuildFile; fileRef = 6331A5D911DF208C00C9E384 /* ASIAuthenticationDialog.m */; };
		6331A5E911DF208C00C9E384 /* ASIDownloadCache.m in Sources */ = {isa = PBXBuildFile; fileRef = 6331A5DC11DF208C00C9E384 /* ASIDownloadCache.m */; };
		6331A5EA11DF208C00C9E384 /* ASIFormDataRequest.m in Sources */ = {isa = PBXBuildFile; fileRef = 6331A5DE11DF208C00C9E384 /* ASIFormDataRequest.m */; };
		6331A5EB11DF208C00C9E384 /* ASIHTTPRequest.m in Sources */ = {isa = PBXBuildFile; fileRef = 6331A5E011DF208C00C9E384 /* ASIHTTPRequest.m */; };
		6331A5EC11DF208C00C9E384 /* ASIInputStream.m in Sources */ = {isa = PBXBuildFile; fileRef = 6331A5E411DF208C00C9E384 /* ASIInputStream.m */; };
		6331A5ED11DF208C00C9E384 /* ASINetworkQueue.m in Sources */ = {isa = PBXBuildFile; fileRef = 6331A5E611DF208C00C9E384 /* ASINetworkQueue.m */; };
		6331A5F111DF209700C9E384 /* Reachability.m in Sources */ = {isa = PBXBuildFile; fileRef = 6331A5F011DF209700C9E384 /* Reachability.m */; };
		6331A72511DF39AD00C9E384 /* CFNetwork.framework in Frameworks */ = {isa = PBXBuildFile; fileRef = 6331A72411DF39AD00C9E384 /* CFNetwork.framework */; };
		6331A72911DF3AFC00C9E384 /* MobileCoreServices.framework in Frameworks */ = {isa = PBXBuildFile; fileRef = 6331A72811DF3AFC00C9E384 /* MobileCoreServices.framework */; };
		6331A72D11DF3B0500C9E384 /* SystemConfiguration.framework in Frameworks */ = {isa = PBXBuildFile; fileRef = 6331A72C11DF3B0500C9E384 /* SystemConfiguration.framework */; };
		6331A73111DF3B2200C9E384 /* libz.1.2.3.dylib in Frameworks */ = {isa = PBXBuildFile; fileRef = 6331A73011DF3B2200C9E384 /* libz.1.2.3.dylib */; };
		6360054E11DF17D100310A3B /* GPSAppTests.m in Sources */ = {isa = PBXBuildFile; fileRef = 6360054D11DF17D100310A3B /* GPSAppTests.m */; };
		6360055011DF17E900310A3B /* StateManager.m in Sources */ = {isa = PBXBuildFile; fileRef = 63E677DC11DEDC7C003B85AD /* StateManager.m */; };
		6360055111DF17EB00310A3B /* GPSData.m in Sources */ = {isa = PBXBuildFile; fileRef = 639B35A311D9C73A006F2410 /* GPSData.m */; };
		6360055211DF17ED00310A3B /* GPSViewController.m in Sources */ = {isa = PBXBuildFile; fileRef = 63A5A75611D87F10002BC8F9 /* GPSViewController.m */; };
		6360055311DF17EF00310A3B /* SettingsViewController.m in Sources */ = {isa = PBXBuildFile; fileRef = 637D90EF11DC67990021B414 /* SettingsViewController.m */; };
		6360055411DF17F200310A3B /* GPSAppDelegate.m in Sources */ = {isa = PBXBuildFile; fileRef = 63A5A75011D87F10002BC8F9 /* GPSAppDelegate.m */; };
		6360055511DF17FF00310A3B /* CoreLocation.framework in Frameworks */ = {isa = PBXBuildFile; fileRef = 639B35A511D9C828006F2410 /* CoreLocation.framework */; };
		6360057E11DF1B2F00310A3B /* HTTPHandler.h in Sources */ = {isa = PBXBuildFile; fileRef = 6360057D11DF1B2F00310A3B /* HTTPHandler.h */; };
		637D90F111DC67990021B414 /* SettingsViewController.m in Sources */ = {isa = PBXBuildFile; fileRef = 637D90EF11DC67990021B414 /* SettingsViewController.m */; };
		637D90F211DC67990021B414 /* SettingsViewController.xib in Resources */ = {isa = PBXBuildFile; fileRef = 637D90F011DC67990021B414 /* SettingsViewController.xib */; };
		639B35A411D9C73A006F2410 /* GPSData.m in Sources */ = {isa = PBXBuildFile; fileRef = 639B35A311D9C73A006F2410 /* GPSData.m */; };
		639B35A611D9C828006F2410 /* CoreLocation.framework in Frameworks */ = {isa = PBXBuildFile; fileRef = 639B35A511D9C828006F2410 /* CoreLocation.framework */; };
		63A5A74311D87F10002BC8F9 /* UIKit.framework in Frameworks */ = {isa = PBXBuildFile; fileRef = 63A5A74211D87F10002BC8F9 /* UIKit.framework */; };
		63A5A74511D87F10002BC8F9 /* Foundation.framework in Frameworks */ = {isa = PBXBuildFile; fileRef = 63A5A74411D87F10002BC8F9 /* Foundation.framework */; };
		63A5A74711D87F10002BC8F9 /* CoreGraphics.framework in Frameworks */ = {isa = PBXBuildFile; fileRef = 63A5A74611D87F10002BC8F9 /* CoreGraphics.framework */; };
		63A5A74C11D87F10002BC8F9 /* InfoPlist.strings in Resources */ = {isa = PBXBuildFile; fileRef = 63A5A74A11D87F10002BC8F9 /* InfoPlist.strings */; };
		63A5A74E11D87F10002BC8F9 /* main.m in Sources */ = {isa = PBXBuildFile; fileRef = 63A5A74D11D87F10002BC8F9 /* main.m */; };
		63A5A75111D87F10002BC8F9 /* GPSAppDelegate.m in Sources */ = {isa = PBXBuildFile; fileRef = 63A5A75011D87F10002BC8F9 /* GPSAppDelegate.m */; };
		63A5A75411D87F10002BC8F9 /* MainWindow.xib in Resources */ = {isa = PBXBuildFile; fileRef = 63A5A75211D87F10002BC8F9 /* MainWindow.xib */; };
		63A5A75711D87F10002BC8F9 /* GPSViewController.m in Sources */ = {isa = PBXBuildFile; fileRef = 63A5A75611D87F10002BC8F9 /* GPSViewController.m */; };
		63E677DD11DEDC7C003B85AD /* StateManager.m in Sources */ = {isa = PBXBuildFile; fileRef = 63E677DC11DEDC7C003B85AD /* StateManager.m */; };
		63E99B9511DC3FBD0050014B /* alert.png in Resources */ = {isa = PBXBuildFile; fileRef = 63E99B9411DC3FBC0050014B /* alert.png */; };
		63E99B9D11DC3FE80050014B /* alert.png in Resources */ = {isa = PBXBuildFile; fileRef = 63E99B9611DC3FE80050014B /* alert.png */; };
		63E99B9E11DC3FE80050014B /* bg.png in Resources */ = {isa = PBXBuildFile; fileRef = 63E99B9711DC3FE80050014B /* bg.png */; };
		63E99B9F11DC3FE80050014B /* log_btn.png in Resources */ = {isa = PBXBuildFile; fileRef = 63E99B9811DC3FE80050014B /* log_btn.png */; };
		63E99BA011DC3FE80050014B /* map_btn.png in Resources */ = {isa = PBXBuildFile; fileRef = 63E99B9911DC3FE80050014B /* map_btn.png */; };
		63E99BA111DC3FE80050014B /* post_btn.png in Resources */ = {isa = PBXBuildFile; fileRef = 63E99B9A11DC3FE80050014B /* post_btn.png */; };
		63E99BA211DC3FE80050014B /* settings_btn.png in Resources */ = {isa = PBXBuildFile; fileRef = 63E99B9B11DC3FE80050014B /* settings_btn.png */; };
		63E99BA311DC3FE80050014B /* world_pin.png in Resources */ = {isa = PBXBuildFile; fileRef = 63E99B9C11DC3FE80050014B /* world_pin.png */; };
		63F928AC11DC6BDB008463A5 /* GPSViewController.xib in Resources */ = {isa = PBXBuildFile; fileRef = 63F928AB11DC6BDB008463A5 /* GPSViewController.xib */; };
		63F9290611DC79EC008463A5 /* done.png in Resources */ = {isa = PBXBuildFile; fileRef = 63F9290511DC79EC008463A5 /* done.png */; };
		63F9290C11DC7B40008463A5 /* settings.plist in Resources */ = {isa = PBXBuildFile; fileRef = 63F9290B11DC7B40008463A5 /* settings.plist */; };
/* End PBXBuildFile section */

/* Begin PBXFileReference section */
		6331A5D811DF208C00C9E384 /* ASIAuthenticationDialog.h */ = {isa = PBXFileReference; fileEncoding = 4; lastKnownFileType = sourcecode.c.h; path = ASIAuthenticationDialog.h; sourceTree = "<group>"; };
		6331A5D911DF208C00C9E384 /* ASIAuthenticationDialog.m */ = {isa = PBXFileReference; fileEncoding = 4; lastKnownFileType = sourcecode.c.objc; path = ASIAuthenticationDialog.m; sourceTree = "<group>"; };
		6331A5DA11DF208C00C9E384 /* ASICacheDelegate.h */ = {isa = PBXFileReference; fileEncoding = 4; lastKnownFileType = sourcecode.c.h; path = ASICacheDelegate.h; sourceTree = "<group>"; };
		6331A5DB11DF208C00C9E384 /* ASIDownloadCache.h */ = {isa = PBXFileReference; fileEncoding = 4; lastKnownFileType = sourcecode.c.h; path = ASIDownloadCache.h; sourceTree = "<group>"; };
		6331A5DC11DF208C00C9E384 /* ASIDownloadCache.m */ = {isa = PBXFileReference; fileEncoding = 4; lastKnownFileType = sourcecode.c.objc; path = ASIDownloadCache.m; sourceTree = "<group>"; };
		6331A5DD11DF208C00C9E384 /* ASIFormDataRequest.h */ = {isa = PBXFileReference; fileEncoding = 4; lastKnownFileType = sourcecode.c.h; path = ASIFormDataRequest.h; sourceTree = "<group>"; };
		6331A5DE11DF208C00C9E384 /* ASIFormDataRequest.m */ = {isa = PBXFileReference; fileEncoding = 4; lastKnownFileType = sourcecode.c.objc; path = ASIFormDataRequest.m; sourceTree = "<group>"; };
		6331A5DF11DF208C00C9E384 /* ASIHTTPRequest.h */ = {isa = PBXFileReference; fileEncoding = 4; lastKnownFileType = sourcecode.c.h; path = ASIHTTPRequest.h; sourceTree = "<group>"; };
		6331A5E011DF208C00C9E384 /* ASIHTTPRequest.m */ = {isa = PBXFileReference; fileEncoding = 4; lastKnownFileType = sourcecode.c.objc; path = ASIHTTPRequest.m; sourceTree = "<group>"; };
		6331A5E111DF208C00C9E384 /* ASIHTTPRequestConfig.h */ = {isa = PBXFileReference; fileEncoding = 4; lastKnownFileType = sourcecode.c.h; path = ASIHTTPRequestConfig.h; sourceTree = "<group>"; };
		6331A5E211DF208C00C9E384 /* ASIHTTPRequestDelegate.h */ = {isa = PBXFileReference; fileEncoding = 4; lastKnownFileType = sourcecode.c.h; path = ASIHTTPRequestDelegate.h; sourceTree = "<group>"; };
		6331A5E311DF208C00C9E384 /* ASIInputStream.h */ = {isa = PBXFileReference; fileEncoding = 4; lastKnownFileType = sourcecode.c.h; path = ASIInputStream.h; sourceTree = "<group>"; };
		6331A5E411DF208C00C9E384 /* ASIInputStream.m */ = {isa = PBXFileReference; fileEncoding = 4; lastKnownFileType = sourcecode.c.objc; path = ASIInputStream.m; sourceTree = "<group>"; };
		6331A5E511DF208C00C9E384 /* ASINetworkQueue.h */ = {isa = PBXFileReference; fileEncoding = 4; lastKnownFileType = sourcecode.c.h; path = ASINetworkQueue.h; sourceTree = "<group>"; };
		6331A5E611DF208C00C9E384 /* ASINetworkQueue.m */ = {isa = PBXFileReference; fileEncoding = 4; lastKnownFileType = sourcecode.c.objc; path = ASINetworkQueue.m; sourceTree = "<group>"; };
		6331A5E711DF208C00C9E384 /* ASIProgressDelegate.h */ = {isa = PBXFileReference; fileEncoding = 4; lastKnownFileType = sourcecode.c.h; path = ASIProgressDelegate.h; sourceTree = "<group>"; };
		6331A5EF11DF209700C9E384 /* Reachability.h */ = {isa = PBXFileReference; fileEncoding = 4; lastKnownFileType = sourcecode.c.h; path = Reachability.h; sourceTree = "<group>"; };
		6331A5F011DF209700C9E384 /* Reachability.m */ = {isa = PBXFileReference; fileEncoding = 4; lastKnownFileType = sourcecode.c.objc; path = Reachability.m; sourceTree = "<group>"; };
		6331A72411DF39AD00C9E384 /* CFNetwork.framework */ = {isa = PBXFileReference; lastKnownFileType = wrapper.framework; name = CFNetwork.framework; path = System/Library/Frameworks/CFNetwork.framework; sourceTree = SDKROOT; };
		6331A72811DF3AFC00C9E384 /* MobileCoreServices.framework */ = {isa = PBXFileReference; lastKnownFileType = wrapper.framework; name = MobileCoreServices.framework; path = System/Library/Frameworks/MobileCoreServices.framework; sourceTree = SDKROOT; };
		6331A72C11DF3B0500C9E384 /* SystemConfiguration.framework */ = {isa = PBXFileReference; lastKnownFileType = wrapper.framework; name = SystemConfiguration.framework; path = System/Library/Frameworks/SystemConfiguration.framework; sourceTree = SDKROOT; };
		6331A73011DF3B2200C9E384 /* libz.1.2.3.dylib */ = {isa = PBXFileReference; lastKnownFileType = "compiled.mach-o.dylib"; name = libz.1.2.3.dylib; path = usr/lib/libz.1.2.3.dylib; sourceTree = SDKROOT; };
		635F073111DABF3E000AAF5E /* GPSTestBundle-Info.plist */ = {isa = PBXFileReference; lastKnownFileType = text.plist.xml; path = "GPSTestBundle-Info.plist"; sourceTree = "<group>"; };
		6360054D11DF17D100310A3B /* GPSAppTests.m */ = {isa = PBXFileReference; fileEncoding = 4; lastKnownFileType = sourcecode.c.objc; path = GPSAppTests.m; sourceTree = "<group>"; };
		6360057D11DF1B2F00310A3B /* HTTPHandler.h */ = {isa = PBXFileReference; fileEncoding = 4; lastKnownFileType = sourcecode.c.h; path = HTTPHandler.h; sourceTree = "<group>"; };
		6362051111DF175F007C7A2E /* GPSAppTests.octest */ = {isa = PBXFileReference; explicitFileType = wrapper.cfbundle; includeInIndex = 0; path = GPSAppTests.octest; sourceTree = BUILT_PRODUCTS_DIR; };
		6362051211DF175F007C7A2E /* GPSAppTests-Info.plist */ = {isa = PBXFileReference; lastKnownFileType = text.plist.xml; path = "GPSAppTests-Info.plist"; sourceTree = "<group>"; };
		637D90EE11DC67990021B414 /* SettingsViewController.h */ = {isa = PBXFileReference; fileEncoding = 4; lastKnownFileType = sourcecode.c.h; name = SettingsViewController.h; path = ../SettingsViewController.h; sourceTree = "<group>"; };
		637D90EF11DC67990021B414 /* SettingsViewController.m */ = {isa = PBXFileReference; fileEncoding = 4; lastKnownFileType = sourcecode.c.objc; name = SettingsViewController.m; path = ../SettingsViewController.m; sourceTree = "<group>"; };
		637D90F011DC67990021B414 /* SettingsViewController.xib */ = {isa = PBXFileReference; fileEncoding = 4; lastKnownFileType = file.xib; path = SettingsViewController.xib; sourceTree = "<group>"; };
		639B35A211D9C73A006F2410 /* GPSData.h */ = {isa = PBXFileReference; fileEncoding = 4; lastKnownFileType = sourcecode.c.h; path = GPSData.h; sourceTree = "<group>"; };
		639B35A311D9C73A006F2410 /* GPSData.m */ = {isa = PBXFileReference; fileEncoding = 4; lastKnownFileType = sourcecode.c.objc; path = GPSData.m; sourceTree = "<group>"; };
		639B35A511D9C828006F2410 /* CoreLocation.framework */ = {isa = PBXFileReference; lastKnownFileType = wrapper.framework; name = CoreLocation.framework; path = System/Library/Frameworks/CoreLocation.framework; sourceTree = SDKROOT; };
		63A5A73F11D87F10002BC8F9 /* GPS_Updater.app */ = {isa = PBXFileReference; explicitFileType = wrapper.application; includeInIndex = 0; path = GPS_Updater.app; sourceTree = BUILT_PRODUCTS_DIR; };
		63A5A74211D87F10002BC8F9 /* UIKit.framework */ = {isa = PBXFileReference; lastKnownFileType = wrapper.framework; name = UIKit.framework; path = System/Library/Frameworks/UIKit.framework; sourceTree = SDKROOT; };
		63A5A74411D87F10002BC8F9 /* Foundation.framework */ = {isa = PBXFileReference; lastKnownFileType = wrapper.framework; name = Foundation.framework; path = System/Library/Frameworks/Foundation.framework; sourceTree = SDKROOT; };
		63A5A74611D87F10002BC8F9 /* CoreGraphics.framework */ = {isa = PBXFileReference; lastKnownFileType = wrapper.framework; name = CoreGraphics.framework; path = System/Library/Frameworks/CoreGraphics.framework; sourceTree = SDKROOT; };
		63A5A74811D87F10002BC8F9 /* GPS_Updater-Info.plist */ = {isa = PBXFileReference; lastKnownFileType = text.plist.xml; path = "GPS_Updater-Info.plist"; sourceTree = "<group>"; };
		63A5A74911D87F10002BC8F9 /* GPSPrefix.pch */ = {isa = PBXFileReference; lastKnownFileType = sourcecode.c.h; path = GPSPrefix.pch; sourceTree = "<group>"; };
		63A5A74B11D87F10002BC8F9 /* en */ = {isa = PBXFileReference; lastKnownFileType = text.plist.strings; name = en; path = en.lproj/InfoPlist.strings; sourceTree = "<group>"; };
		63A5A74D11D87F10002BC8F9 /* main.m */ = {isa = PBXFileReference; lastKnownFileType = sourcecode.c.objc; path = main.m; sourceTree = "<group>"; };
		63A5A74F11D87F10002BC8F9 /* GPSAppDelegate.h */ = {isa = PBXFileReference; lastKnownFileType = sourcecode.c.h; name = GPSAppDelegate.h; path = Classes/GPSAppDelegate.h; sourceTree = "<group>"; };
		63A5A75011D87F10002BC8F9 /* GPSAppDelegate.m */ = {isa = PBXFileReference; lastKnownFileType = sourcecode.c.objc; name = GPSAppDelegate.m; path = Classes/GPSAppDelegate.m; sourceTree = "<group>"; };
		63A5A75311D87F10002BC8F9 /* en */ = {isa = PBXFileReference; lastKnownFileType = file.xib; name = en; path = en.lproj/MainWindow.xib; sourceTree = "<group>"; };
		63A5A75511D87F10002BC8F9 /* GPSViewController.h */ = {isa = PBXFileReference; lastKnownFileType = sourcecode.c.h; path = GPSViewController.h; sourceTree = "<group>"; };
		63A5A75611D87F10002BC8F9 /* GPSViewController.m */ = {isa = PBXFileReference; lastKnownFileType = sourcecode.c.objc; path = GPSViewController.m; sourceTree = "<group>"; };
		63E677DB11DEDC7C003B85AD /* StateManager.h */ = {isa = PBXFileReference; fileEncoding = 4; lastKnownFileType = sourcecode.c.h; path = StateManager.h; sourceTree = "<group>"; };
		63E677DC11DEDC7C003B85AD /* StateManager.m */ = {isa = PBXFileReference; fileEncoding = 4; lastKnownFileType = sourcecode.c.objc; path = StateManager.m; sourceTree = "<group>"; };
		63E99B9411DC3FBC0050014B /* alert.png */ = {isa = PBXFileReference; lastKnownFileType = image.png; name = alert.png; path = images/alert.png; sourceTree = "<group>"; };
		63E99B9611DC3FE80050014B /* alert.png */ = {isa = PBXFileReference; lastKnownFileType = image.png; name = alert.png; path = images/alert.png; sourceTree = "<group>"; };
		63E99B9711DC3FE80050014B /* bg.png */ = {isa = PBXFileReference; lastKnownFileType = image.png; name = bg.png; path = images/bg.png; sourceTree = "<group>"; };
		63E99B9811DC3FE80050014B /* log_btn.png */ = {isa = PBXFileReference; lastKnownFileType = image.png; name = log_btn.png; path = images/log_btn.png; sourceTree = "<group>"; };
		63E99B9911DC3FE80050014B /* map_btn.png */ = {isa = PBXFileReference; lastKnownFileType = image.png; name = map_btn.png; path = images/map_btn.png; sourceTree = "<group>"; };
		63E99B9A11DC3FE80050014B /* post_btn.png */ = {isa = PBXFileReference; lastKnownFileType = image.png; name = post_btn.png; path = images/post_btn.png; sourceTree = "<group>"; };
		63E99B9B11DC3FE80050014B /* settings_btn.png */ = {isa = PBXFileReference; lastKnownFileType = image.png; name = settings_btn.png; path = images/settings_btn.png; sourceTree = "<group>"; };
		63E99B9C11DC3FE80050014B /* world_pin.png */ = {isa = PBXFileReference; lastKnownFileType = image.png; name = world_pin.png; path = images/world_pin.png; sourceTree = "<group>"; };
		63F928AB11DC6BDB008463A5 /* GPSViewController.xib */ = {isa = PBXFileReference; fileEncoding = 4; lastKnownFileType = file.xib; path = GPSViewController.xib; sourceTree = "<group>"; };
		63F9290511DC79EC008463A5 /* done.png */ = {isa = PBXFileReference; lastKnownFileType = image.png; name = done.png; path = images/done.png; sourceTree = "<group>"; };
		63F9290B11DC7B40008463A5 /* settings.plist */ = {isa = PBXFileReference; fileEncoding = 4; lastKnownFileType = text.plist.xml; path = settings.plist; sourceTree = "<group>"; };
/* End PBXFileReference section */

/* Begin PBXFrameworksBuildPhase section */
		6362050E11DF175F007C7A2E /* Frameworks */ = {
			isa = PBXFrameworksBuildPhase;
			buildActionMask = 2147483647;
			files = (
				6360055511DF17FF00310A3B /* CoreLocation.framework in Frameworks */,
			);
			runOnlyForDeploymentPostprocessing = 0;
		};
		63A5A73C11D87F10002BC8F9 /* Frameworks */ = {
			isa = PBXFrameworksBuildPhase;
			buildActionMask = 2147483647;
			files = (
				63A5A74311D87F10002BC8F9 /* UIKit.framework in Frameworks */,
				63A5A74511D87F10002BC8F9 /* Foundation.framework in Frameworks */,
				63A5A74711D87F10002BC8F9 /* CoreGraphics.framework in Frameworks */,
				639B35A611D9C828006F2410 /* CoreLocation.framework in Frameworks */,
				6331A72511DF39AD00C9E384 /* CFNetwork.framework in Frameworks */,
				6331A72911DF3AFC00C9E384 /* MobileCoreServices.framework in Frameworks */,
				6331A72D11DF3B0500C9E384 /* SystemConfiguration.framework in Frameworks */,
				6331A73111DF3B2200C9E384 /* libz.1.2.3.dylib in Frameworks */,
			);
			runOnlyForDeploymentPostprocessing = 0;
		};
/* End PBXFrameworksBuildPhase section */

/* Begin PBXGroup section */
		6331A5EE11DF209700C9E384 /* Reachability */ = {
			isa = PBXGroup;
			children = (
				6331A5EF11DF209700C9E384 /* Reachability.h */,
				6331A5F011DF209700C9E384 /* Reachability.m */,
			);
			path = Reachability;
			sourceTree = "<group>";
		};
		637D90EA11DC631E0021B414 /* Views */ = {
			isa = PBXGroup;
			children = (
				63F928AB11DC6BDB008463A5 /* GPSViewController.xib */,
				637D90F011DC67990021B414 /* SettingsViewController.xib */,
			);
			name = Views;
			sourceTree = "<group>";
		};
		639B358D11D9C0BC006F2410 /* Objects */ = {
			isa = PBXGroup;
			children = (
				6360057D11DF1B2F00310A3B /* HTTPHandler.h */,
				63E677DB11DEDC7C003B85AD /* StateManager.h */,
				63E677DC11DEDC7C003B85AD /* StateManager.m */,
				639B35A211D9C73A006F2410 /* GPSData.h */,
				639B35A311D9C73A006F2410 /* GPSData.m */,
			);
			name = Objects;
			sourceTree = "<group>";
		};
		639B35B011D9CC27006F2410 /* Tests */ = {
			isa = PBXGroup;
			children = (
				6360054D11DF17D100310A3B /* GPSAppTests.m */,
			);
			name = Tests;
			sourceTree = "<group>";
		};
		63A5A73011D87F10002BC8F9 = {
			isa = PBXGroup;
			children = (
				63A5A73711D87F10002BC8F9 /* Classes */,
				63A5A73811D87F10002BC8F9 /* Other Sources */,
				63A5A73911D87F10002BC8F9 /* Resources */,
				63A5A73A11D87F10002BC8F9 /* Frameworks */,
				63A5A74011D87F10002BC8F9 /* Products */,
				635F073111DABF3E000AAF5E /* GPSTestBundle-Info.plist */,
				6362051211DF175F007C7A2E /* GPSAppTests-Info.plist */,
			);
			sourceTree = "<group>";
		};
		63A5A73711D87F10002BC8F9 /* Classes */ = {
			isa = PBXGroup;
			children = (
				63ED8B0211DF1F86003BDC4F /* ASIHTTPRequest */,
				639B35B011D9CC27006F2410 /* Tests */,
				639B358D11D9C0BC006F2410 /* Objects */,
				63A5A75511D87F10002BC8F9 /* GPSViewController.h */,
				63A5A75611D87F10002BC8F9 /* GPSViewController.m */,
				637D90EE11DC67990021B414 /* SettingsViewController.h */,
				637D90EF11DC67990021B414 /* SettingsViewController.m */,
			);
			path = Classes;
			sourceTree = "<group>";
		};
		63A5A73811D87F10002BC8F9 /* Other Sources */ = {
			isa = PBXGroup;
			children = (
				63A5A75011D87F10002BC8F9 /* GPSAppDelegate.m */,
				63A5A74F11D87F10002BC8F9 /* GPSAppDelegate.h */,
				63A5A74911D87F10002BC8F9 /* GPSPrefix.pch */,
				63A5A74D11D87F10002BC8F9 /* main.m */,
			);
			name = "Other Sources";
			sourceTree = "<group>";
		};
		63A5A73911D87F10002BC8F9 /* Resources */ = {
			isa = PBXGroup;
			children = (
				63F9290B11DC7B40008463A5 /* settings.plist */,
				637D90EA11DC631E0021B414 /* Views */,
				63FE65B111DADFAF00DE2E82 /* Images */,
				63A5A74811D87F10002BC8F9 /* GPS_Updater-Info.plist */,
				63A5A74A11D87F10002BC8F9 /* InfoPlist.strings */,
				63A5A75211D87F10002BC8F9 /* MainWindow.xib */,
			);
			name = Resources;
			sourceTree = "<group>";
		};
		63A5A73A11D87F10002BC8F9 /* Frameworks */ = {
			isa = PBXGroup;
			children = (
				639B35A511D9C828006F2410 /* CoreLocation.framework */,
				63A5A74211D87F10002BC8F9 /* UIKit.framework */,
				63A5A74411D87F10002BC8F9 /* Foundation.framework */,
				63A5A74611D87F10002BC8F9 /* CoreGraphics.framework */,
				6331A72411DF39AD00C9E384 /* CFNetwork.framework */,
				6331A72811DF3AFC00C9E384 /* MobileCoreServices.framework */,
				6331A72C11DF3B0500C9E384 /* SystemConfiguration.framework */,
				6331A73011DF3B2200C9E384 /* libz.1.2.3.dylib */,
			);
			name = Frameworks;
			sourceTree = "<group>";
		};
		63A5A74011D87F10002BC8F9 /* Products */ = {
			isa = PBXGroup;
			children = (
				63A5A73F11D87F10002BC8F9 /* GPS_Updater.app */,
				6362051111DF175F007C7A2E /* GPSAppTests.octest */,
			);
			name = Products;
			sourceTree = "<group>";
		};
		63ED8B0211DF1F86003BDC4F /* ASIHTTPRequest */ = {
			isa = PBXGroup;
			children = (
				6331A5EE11DF209700C9E384 /* Reachability */,
				6331A5D811DF208C00C9E384 /* ASIAuthenticationDialog.h */,
				6331A5D911DF208C00C9E384 /* ASIAuthenticationDialog.m */,
				6331A5DA11DF208C00C9E384 /* ASICacheDelegate.h */,
				6331A5DB11DF208C00C9E384 /* ASIDownloadCache.h */,
				6331A5DC11DF208C00C9E384 /* ASIDownloadCache.m */,
				6331A5DD11DF208C00C9E384 /* ASIFormDataRequest.h */,
				6331A5DE11DF208C00C9E384 /* ASIFormDataRequest.m */,
				6331A5DF11DF208C00C9E384 /* ASIHTTPRequest.h */,
				6331A5E011DF208C00C9E384 /* ASIHTTPRequest.m */,
				6331A5E111DF208C00C9E384 /* ASIHTTPRequestConfig.h */,
				6331A5E211DF208C00C9E384 /* ASIHTTPRequestDelegate.h */,
				6331A5E311DF208C00C9E384 /* ASIInputStream.h */,
				6331A5E411DF208C00C9E384 /* ASIInputStream.m */,
				6331A5E511DF208C00C9E384 /* ASINetworkQueue.h */,
				6331A5E611DF208C00C9E384 /* ASINetworkQueue.m */,
				6331A5E711DF208C00C9E384 /* ASIProgressDelegate.h */,
			);
			name = ASIHTTPRequest;
			sourceTree = "<group>";
		};
		63FE65B111DADFAF00DE2E82 /* Images */ = {
			isa = PBXGroup;
			children = (
				63F9290511DC79EC008463A5 /* done.png */,
				63E99B9611DC3FE80050014B /* alert.png */,
				63E99B9711DC3FE80050014B /* bg.png */,
				63E99B9811DC3FE80050014B /* log_btn.png */,
				63E99B9911DC3FE80050014B /* map_btn.png */,
				63E99B9A11DC3FE80050014B /* post_btn.png */,
				63E99B9B11DC3FE80050014B /* settings_btn.png */,
				63E99B9C11DC3FE80050014B /* world_pin.png */,
				63E99B9411DC3FBC0050014B /* alert.png */,
			);
			name = Images;
			sourceTree = "<group>";
		};
/* End PBXGroup section */

/* Begin PBXNativeTarget section */
		6362051011DF175F007C7A2E /* GPSAppTests */ = {
			isa = PBXNativeTarget;
			buildConfigurationList = 6362051511DF1760007C7A2E /* Build configuration list for PBXNativeTarget "GPSAppTests" */;
			buildPhases = (
				6362050C11DF175F007C7A2E /* Resources */,
				6362050D11DF175F007C7A2E /* Sources */,
				6362050E11DF175F007C7A2E /* Frameworks */,
				6362050F11DF175F007C7A2E /* ShellScript */,
			);
			buildRules = (
			);
			dependencies = (
			);
			name = GPSAppTests;
			productName = GPSAppTests;
			productReference = 6362051111DF175F007C7A2E /* GPSAppTests.octest */;
			productType = "com.apple.product-type.bundle";
		};
		63A5A73E11D87F10002BC8F9 /* GPS-Updater */ = {
			isa = PBXNativeTarget;
			buildConfigurationList = 63A5A75D11D87F10002BC8F9 /* Build configuration list for PBXNativeTarget "GPS-Updater" */;
			buildPhases = (
				63A5A73B11D87F10002BC8F9 /* Sources */,
				63A5A73C11D87F10002BC8F9 /* Frameworks */,
				63A5A73D11D87F10002BC8F9 /* Resources */,
			);
			buildRules = (
			);
			dependencies = (
			);
			name = "GPS-Updater";
			productName = "GPS-Updater";
			productReference = 63A5A73F11D87F10002BC8F9 /* GPS_Updater.app */;
			productType = "com.apple.product-type.application";
		};
/* End PBXNativeTarget section */

/* Begin PBXProject section */
		63A5A73211D87F10002BC8F9 /* Project object */ = {
			isa = PBXProject;
			buildConfigurationList = 63A5A73511D87F10002BC8F9 /* Build configuration list for PBXProject "GPS-Updater" */;
			compatibilityVersion = "Xcode 3.2";
			hasScannedForEncodings = 0;
			mainGroup = 63A5A73011D87F10002BC8F9;
			productRefGroup = 63A5A74011D87F10002BC8F9 /* Products */;
			projectDirPath = "";
			projectRoot = "";
			targets = (
				63A5A73E11D87F10002BC8F9 /* GPS-Updater */,
				6362051011DF175F007C7A2E /* GPSAppTests */,
			);
		};
/* End PBXProject section */

/* Begin PBXResourcesBuildPhase section */
		6362050C11DF175F007C7A2E /* Resources */ = {
			isa = PBXResourcesBuildPhase;
			buildActionMask = 2147483647;
			files = (
			);
			runOnlyForDeploymentPostprocessing = 0;
		};
		63A5A73D11D87F10002BC8F9 /* Resources */ = {
			isa = PBXResourcesBuildPhase;
			buildActionMask = 2147483647;
			files = (
				63A5A74C11D87F10002BC8F9 /* InfoPlist.strings in Resources */,
				63A5A75411D87F10002BC8F9 /* MainWindow.xib in Resources */,
				63E99B9511DC3FBD0050014B /* alert.png in Resources */,
				63E99B9D11DC3FE80050014B /* alert.png in Resources */,
				63E99B9E11DC3FE80050014B /* bg.png in Resources */,
				63E99B9F11DC3FE80050014B /* log_btn.png in Resources */,
				63E99BA011DC3FE80050014B /* map_btn.png in Resources */,
				63E99BA111DC3FE80050014B /* post_btn.png in Resources */,
				63E99BA211DC3FE80050014B /* settings_btn.png in Resources */,
				63E99BA311DC3FE80050014B /* world_pin.png in Resources */,
				637D90F211DC67990021B414 /* SettingsViewController.xib in Resources */,
				63F928AC11DC6BDB008463A5 /* GPSViewController.xib in Resources */,
				63F9290611DC79EC008463A5 /* done.png in Resources */,
				63F9290C11DC7B40008463A5 /* settings.plist in Resources */,
			);
			runOnlyForDeploymentPostprocessing = 0;
		};
/* End PBXResourcesBuildPhase section */

/* Begin PBXShellScriptBuildPhase section */
		6362050F11DF175F007C7A2E /* ShellScript */ = {
			isa = PBXShellScriptBuildPhase;
			buildActionMask = 2147483647;
			files = (
			);
			inputPaths = (
			);
			outputPaths = (
			);
			runOnlyForDeploymentPostprocessing = 0;
			shellPath = /bin/sh;
			shellScript = "# Run the unit tests in this test bundle.\n\"${SYSTEM_DEVELOPER_DIR}/Tools/RunUnitTests\"\n";
		};
/* End PBXShellScriptBuildPhase section */

/* Begin PBXSourcesBuildPhase section */
		6362050D11DF175F007C7A2E /* Sources */ = {
			isa = PBXSourcesBuildPhase;
			buildActionMask = 2147483647;
			files = (
				6360054E11DF17D100310A3B /* GPSAppTests.m in Sources */,
				6360055011DF17E900310A3B /* StateManager.m in Sources */,
				6360055111DF17EB00310A3B /* GPSData.m in Sources */,
				6360055211DF17ED00310A3B /* GPSViewController.m in Sources */,
				6360055311DF17EF00310A3B /* SettingsViewController.m in Sources */,
				6360055411DF17F200310A3B /* GPSAppDelegate.m in Sources */,
			);
			runOnlyForDeploymentPostprocessing = 0;
		};
		63A5A73B11D87F10002BC8F9 /* Sources */ = {
			isa = PBXSourcesBuildPhase;
			buildActionMask = 2147483647;
			files = (
				63A5A74E11D87F10002BC8F9 /* main.m in Sources */,
				63A5A75111D87F10002BC8F9 /* GPSAppDelegate.m in Sources */,
				63A5A75711D87F10002BC8F9 /* GPSViewController.m in Sources */,
				639B35A411D9C73A006F2410 /* GPSData.m in Sources */,
				637D90F111DC67990021B414 /* SettingsViewController.m in Sources */,
				63E677DD11DEDC7C003B85AD /* StateManager.m in Sources */,
				6360057E11DF1B2F00310A3B /* HTTPHandler.h in Sources */,
				6331A5E811DF208C00C9E384 /* ASIAuthenticationDialog.m in Sources */,
				6331A5E911DF208C00C9E384 /* ASIDownloadCache.m in Sources */,
				6331A5EA11DF208C00C9E384 /* ASIFormDataRequest.m in Sources */,
				6331A5EB11DF208C00C9E384 /* ASIHTTPRequest.m in Sources */,
				6331A5EC11DF208C00C9E384 /* ASIInputStream.m in Sources */,
				6331A5ED11DF208C00C9E384 /* ASINetworkQueue.m in Sources */,
				6331A5F111DF209700C9E384 /* Reachability.m in Sources */,
			);
			runOnlyForDeploymentPostprocessing = 0;
		};
/* End PBXSourcesBuildPhase section */

/* Begin PBXVariantGroup section */
		63A5A74A11D87F10002BC8F9 /* InfoPlist.strings */ = {
			isa = PBXVariantGroup;
			children = (
				63A5A74B11D87F10002BC8F9 /* en */,
			);
			name = InfoPlist.strings;
			sourceTree = "<group>";
		};
		63A5A75211D87F10002BC8F9 /* MainWindow.xib */ = {
			isa = PBXVariantGroup;
			children = (
				63A5A75311D87F10002BC8F9 /* en */,
			);
			name = MainWindow.xib;
			sourceTree = "<group>";
		};
/* End PBXVariantGroup section */

/* Begin XCBuildConfiguration section */
		6362051311DF1760007C7A2E /* Debug */ = {
			isa = XCBuildConfiguration;
			buildSettings = {
				ALWAYS_SEARCH_USER_PATHS = NO;
				"CODE_SIGN_IDENTITY[sdk=iphoneos*]" = "";
				COPY_PHASE_STRIP = NO;
				FRAMEWORK_SEARCH_PATHS = (
					"\"$(SDKROOT)/Developer/Library/Frameworks\"",
					"\"$(DEVELOPER_LIBRARY_DIR)/Frameworks\"",
				);
				GCC_DYNAMIC_NO_PIC = NO;
				GCC_ENABLE_FIX_AND_CONTINUE = NO;
				GCC_ENABLE_OBJC_EXCEPTIONS = YES;
				GCC_OPTIMIZATION_LEVEL = 0;
				INFOPLIST_FILE = "GPSAppTests-Info.plist";
				OTHER_LDFLAGS = (
					"-framework",
					Foundation,
					"-framework",
					SenTestingKit,
					"-framework",
					UIKit,
				);
				PREBINDING = NO;
				PRODUCT_NAME = GPSAppTests;
				WRAPPER_EXTENSION = octest;
			};
			name = Debug;
		};
		6362051411DF1760007C7A2E /* Release */ = {
			isa = XCBuildConfiguration;
			buildSettings = {
				ALWAYS_SEARCH_USER_PATHS = NO;
				"CODE_SIGN_IDENTITY[sdk=iphoneos*]" = "";
				COPY_PHASE_STRIP = YES;
				DEBUG_INFORMATION_FORMAT = "dwarf-with-dsym";
				FRAMEWORK_SEARCH_PATHS = (
					"\"$(SDKROOT)/Developer/Library/Frameworks\"",
					"\"$(DEVELOPER_LIBRARY_DIR)/Frameworks\"",
				);
				GCC_ENABLE_FIX_AND_CONTINUE = NO;
				GCC_ENABLE_OBJC_EXCEPTIONS = YES;
				INFOPLIST_FILE = "GPSAppTests-Info.plist";
				OTHER_LDFLAGS = (
					"-framework",
					Foundation,
					"-framework",
					SenTestingKit,
					"-framework",
					UIKit,
				);
				PREBINDING = NO;
				PRODUCT_NAME = GPSAppTests;
				WRAPPER_EXTENSION = octest;
				ZERO_LINK = NO;
			};
			name = Release;
		};
		63A5A75B11D87F10002BC8F9 /* Debug */ = {
			isa = XCBuildConfiguration;
			buildSettings = {
				ARCHS = "$(ARCHS_STANDARD_32_BIT)";
				"CODE_SIGN_IDENTITY[sdk=iphoneos*]" = "iPhone Distribution: David McGraw";
				GCC_C_LANGUAGE_STANDARD = gnu99;
				GCC_OPTIMIZATION_LEVEL = 0;
				GCC_PREPROCESSOR_DEFINITIONS = DEBUG;
				GCC_WARN_ABOUT_RETURN_TYPE = YES;
				GCC_WARN_UNUSED_VARIABLE = YES;
				PREBINDING = NO;
				"PROVISIONING_PROFILE[sdk=iphoneos*]" = "224663DB-B228-4BE4-AE67-DF5739369705";
				SDKROOT = iphoneos4.0;
			};
			name = Debug;
		};
		63A5A75C11D87F10002BC8F9 /* Release */ = {
			isa = XCBuildConfiguration;
			buildSettings = {
				ARCHS = "$(ARCHS_STANDARD_32_BIT)";
				"CODE_SIGN_IDENTITY[sdk=iphoneos*]" = "iPhone Developer";
				GCC_C_LANGUAGE_STANDARD = gnu99;
				GCC_WARN_ABOUT_RETURN_TYPE = YES;
				GCC_WARN_UNUSED_VARIABLE = YES;
				OTHER_CFLAGS = "-DNS_BLOCK_ASSERTIONS=1";
				PREBINDING = NO;
				SDKROOT = iphoneos4.0;
			};
			name = Release;
		};
		63A5A75E11D87F10002BC8F9 /* Debug */ = {
			isa = XCBuildConfiguration;
			buildSettings = {
				ALWAYS_SEARCH_USER_PATHS = NO;
				COPY_PHASE_STRIP = NO;
				FRAMEWORK_SEARCH_PATHS = (
					"$(inherited)",
					"\"$(SRCROOT)\"",
				);
				GCC_DYNAMIC_NO_PIC = NO;
				GCC_PRECOMPILE_PREFIX_HEADER = YES;
				GCC_PREFIX_HEADER = GPSPrefix.pch;
				INFOPLIST_FILE = "GPS_Updater-Info.plist";
				LIBRARY_SEARCH_PATHS = (
					"$(inherited)",
					"\"$(SRCROOT)\"",
				);
				PRODUCT_NAME = GPS_Updater;
				WRAPPER_EXTENSION = app;
			};
			name = Debug;
		};
		63A5A75F11D87F10002BC8F9 /* Release */ = {
			isa = XCBuildConfiguration;
			buildSettings = {
				ALWAYS_SEARCH_USER_PATHS = NO;
				COPY_PHASE_STRIP = YES;
				FRAMEWORK_SEARCH_PATHS = (
					"$(inherited)",
					"\"$(SRCROOT)\"",
				);
				GCC_PRECOMPILE_PREFIX_HEADER = YES;
				GCC_PREFIX_HEADER = GPSPrefix.pch;
				INFOPLIST_FILE = "GPS_Updater-Info.plist";
				LIBRARY_SEARCH_PATHS = (
					"$(inherited)",
					"\"$(SRCROOT)\"",
				);
				PRODUCT_NAME = GPS_Updater;
				VALIDATE_PRODUCT = YES;
				WRAPPER_EXTENSION = app;
			};
			name = Release;
		};
/* End XCBuildConfiguration section */

/* Begin XCConfigurationList section */
		6362051511DF1760007C7A2E /* Build configuration list for PBXNativeTarget "GPSAppTests" */ = {
			isa = XCConfigurationList;
			buildConfigurations = (
				6362051311DF1760007C7A2E /* Debug */,
				6362051411DF1760007C7A2E /* Release */,
			);
			defaultConfigurationIsVisible = 0;
			defaultConfigurationName = Release;
		};
		63A5A73511D87F10002BC8F9 /* Build configuration list for PBXProject "GPS-Updater" */ = {
			isa = XCConfigurationList;
			buildConfigurations = (
				63A5A75B11D87F10002BC8F9 /* Debug */,
				63A5A75C11D87F10002BC8F9 /* Release */,
			);
			defaultConfigurationIsVisible = 0;
			defaultConfigurationName = Release;
		};
		63A5A75D11D87F10002BC8F9 /* Build configuration list for PBXNativeTarget "GPS-Updater" */ = {
			isa = XCConfigurationList;
			buildConfigurations = (
				63A5A75E11D87F10002BC8F9 /* Debug */,
				63A5A75F11D87F10002BC8F9 /* Release */,
			);
			defaultConfigurationIsVisible = 0;
			defaultConfigurationName = Release;
		};
/* End XCConfigurationList section */
	};
	rootObject = 63A5A73211D87F10002BC8F9 /* Project object */;
}
